// !$*UTF8*$!
{
	archiveVersion = 1;
	classes = {
	};
	objectVersion = 53;
	objects = {

/* Begin PBXBuildFile section */
		0BED868D2959F0180052F9AD /* Foundation.framework in Frameworks */ = {isa = PBXBuildFile; fileRef = 0BED868C2959F0180052F9AD /* Foundation.framework */; };
		0BED86902959F0180052F9AD /* hackbar.m in Sources */ = {isa = PBXBuildFile; fileRef = 0BED868F2959F0180052F9AD /* hackbar.m */; };
		0BED869E2959F02E0052F9AD /* CaptainHook.h in Headers */ = {isa = PBXBuildFile; fileRef = 0BED869D2959F02E0052F9AD /* CaptainHook.h */; };
/* End PBXBuildFile section */

/* Begin PBXFileReference section */
		0BED86892959F0180052F9AD /* hackbar.dylib */ = {isa = PBXFileReference; explicitFileType = "compiled.mach-o.dylib"; includeInIndex = 0; path = hackbar.dylib; sourceTree = BUILT_PRODUCTS_DIR; };
		0BED868C2959F0180052F9AD /* Foundation.framework */ = {isa = PBXFileReference; lastKnownFileType = wrapper.framework; name = Foundation.framework; path = System/Library/Frameworks/Foundation.framework; sourceTree = SDKROOT; };
		0BED868F2959F0180052F9AD /* hackbar.m */ = {isa = PBXFileReference; lastKnownFileType = sourcecode.c.objc; path = hackbar.m; sourceTree = "<group>"; };
		0BED86932959F0180052F9AD /* control */ = {isa = PBXFileReference; lastKnownFileType = text; path = control; sourceTree = "<group>"; };
		0BED86972959F0180052F9AD /* hackbar.plist */ = {isa = PBXFileReference; lastKnownFileType = text.plist.xml; path = hackbar.plist; sourceTree = "<group>"; };
		0BED869D2959F02E0052F9AD /* CaptainHook.h */ = {isa = PBXFileReference; fileEncoding = 4; lastKnownFileType = sourcecode.c.h; path = CaptainHook.h; sourceTree = "<group>"; };
/* End PBXFileReference section */

/* Begin PBXFrameworksBuildPhase section */
		0BED86852959F0180052F9AD /* Frameworks */ = {
			isa = PBXFrameworksBuildPhase;
			buildActionMask = 2147483647;
			files = (
				0BED868D2959F0180052F9AD /* Foundation.framework in Frameworks */,
			);
			runOnlyForDeploymentPostprocessing = 0;
		};
/* End PBXFrameworksBuildPhase section */

/* Begin PBXGroup section */
		0BED867F2959F0180052F9AD = {
			isa = PBXGroup;
			children = (
				0BED868E2959F0180052F9AD /* hackbar */,
				0BED868B2959F0180052F9AD /* Frameworks */,
				0BED868A2959F0180052F9AD /* Products */,
			);
			sourceTree = "<group>";
		};
		0BED868A2959F0180052F9AD /* Products */ = {
			isa = PBXGroup;
			children = (
				0BED86892959F0180052F9AD /* hackbar.dylib */,
			);
			name = Products;
			sourceTree = "<group>";
		};
		0BED868B2959F0180052F9AD /* Frameworks */ = {
			isa = PBXGroup;
			children = (
				0BED868C2959F0180052F9AD /* Foundation.framework */,
			);
			name = Frameworks;
			sourceTree = "<group>";
		};
		0BED868E2959F0180052F9AD /* hackbar */ = {
			isa = PBXGroup;
			children = (
				0BED869D2959F02E0052F9AD /* CaptainHook.h */,
				0BED868F2959F0180052F9AD /* hackbar.m */,
				0BED86912959F0180052F9AD /* Package */,
			);
			path = hackbar;
			sourceTree = "<group>";
		};
		0BED86912959F0180052F9AD /* Package */ = {
			isa = PBXGroup;
			children = (
				0BED86922959F0180052F9AD /* DEBIAN */,
				0BED86942959F0180052F9AD /* Library */,
			);
			path = Package;
			sourceTree = "<group>";
		};
		0BED86922959F0180052F9AD /* DEBIAN */ = {
			isa = PBXGroup;
			children = (
				0BED86932959F0180052F9AD /* control */,
			);
			path = DEBIAN;
			sourceTree = "<group>";
		};
		0BED86942959F0180052F9AD /* Library */ = {
			isa = PBXGroup;
			children = (
				0BED86952959F0180052F9AD /* MobileSubstrate */,
			);
			path = Library;
			sourceTree = "<group>";
		};
		0BED86952959F0180052F9AD /* MobileSubstrate */ = {
			isa = PBXGroup;
			children = (
				0BED86962959F0180052F9AD /* DynamicLibraries */,
			);
			path = MobileSubstrate;
			sourceTree = "<group>";
		};
		0BED86962959F0180052F9AD /* DynamicLibraries */ = {
			isa = PBXGroup;
			children = (
				0BED86972959F0180052F9AD /* hackbar.plist */,
			);
			path = DynamicLibraries;
			sourceTree = "<group>";
		};
/* End PBXGroup section */

/* Begin PBXHeadersBuildPhase section */
		0BED86862959F0180052F9AD /* Headers */ = {
			isa = PBXHeadersBuildPhase;
			buildActionMask = 2147483647;
			files = (
				0BED869E2959F02E0052F9AD /* CaptainHook.h in Headers */,
			);
			runOnlyForDeploymentPostprocessing = 0;
		};
/* End PBXHeadersBuildPhase section */

/* Begin PBXNativeTarget section */
		0BED86882959F0180052F9AD /* hackbar */ = {
			isa = PBXNativeTarget;
			buildConfigurationList = 0BED869A2959F0180052F9AD /* Build configuration list for PBXNativeTarget "hackbar" */;
			buildPhases = (
				0BED86842959F0180052F9AD /* Sources */,
				0BED86852959F0180052F9AD /* Frameworks */,
				0BED86862959F0180052F9AD /* Headers */,
				0BED86872959F0180052F9AD /* Copy files and build deb */,
			);
			buildRules = (
			);
			dependencies = (
			);
			name = hackbar;
			productName = hackbar;
			productReference = 0BED86892959F0180052F9AD /* hackbar.dylib */;
			productType = "com.apple.product-type.library.dynamic";
		};
/* End PBXNativeTarget section */

/* Begin PBXProject section */
		0BED86802959F0180052F9AD /* Project object */ = {
			isa = PBXProject;
			attributes = {
				BuildIndependentTargetsInParallel = 1;
				LastUpgradeCheck = 1420;
				TargetAttributes = {
					0BED86882959F0180052F9AD = {
						CreatedOnToolsVersion = 14.2;
					};
				};
			};
			buildConfigurationList = 0BED86832959F0180052F9AD /* Build configuration list for PBXProject "hackbar" */;
			compatibilityVersion = "Xcode 9.3";
			developmentRegion = en;
			hasScannedForEncodings = 0;
			knownRegions = (
				en,
				Base,
			);
			mainGroup = 0BED867F2959F0180052F9AD;
			productRefGroup = 0BED868A2959F0180052F9AD /* Products */;
			projectDirPath = "";
			projectRoot = "";
			targets = (
				0BED86882959F0180052F9AD /* hackbar */,
			);
		};
/* End PBXProject section */

/* Begin PBXShellScriptBuildPhase section */
		0BED86872959F0180052F9AD /* Copy files and build deb */ = {
			isa = PBXShellScriptBuildPhase;
			buildActionMask = 2147483647;
			files = (
			);
			inputFileListPaths = (
			);
			inputPaths = (
			);
			name = "Copy files and build deb";
			outputFileListPaths = (
			);
			outputPaths = (
			);
			runOnlyForDeploymentPostprocessing = 0;
			shellPath = /bin/sh;
			shellScript = "if [[ \"ls -1 ${BUILT_PRODUCTS_DIR}/*.dylib 2>/dev/null | wc -l\" == 0 ]]; then\necho \"${BUILT_PRODUCTS_DIR} does not contain any dylib file.\";\nexit 1;\nfi\n\nPACKAGE_PROJECT_FOLDER=\"${PROJECT_DIR}/${PROJECT_NAME}/Package\";\nif [ ! -d $PACKAGE_PROJECT_FOLDER ]; then\necho \"${PROJECT_DIR}/Package does not exits.\";\nexit 2;\nfi\n\n\nPACKAGE_TEMP_FOLDER=\"${BUILT_PRODUCTS_DIR}/Package\";\nif [ -d $PACKAGE_TEMP_FOLDER ]; then\nrm -rf $PACKAGE_TEMP_FOLDER;\nfi\n\necho \"[->] Copying binaries...\";\ncp -r $PACKAGE_PROJECT_FOLDER $PACKAGE_TEMP_FOLDER;\nfind ${BUILT_PRODUCTS_DIR} -type f -iname '*.dylib' -exec cp \"{}\" \"$PACKAGE_TEMP_FOLDER/Library/MobileSubstrate/DynamicLibraries\" 2> /dev/null \\;\nfind ${BUILT_PRODUCTS_DIR} -type f -maxdepth 1 -iname '*.dylib' \\( -exec ldid -S\"${PROJECT_DIR}/${PRODUCT_MODULE_NAME}.entitlements\" \"{}\" \\; -exec cp \"{}\" \"$PACKAGE_TEMP_FOLDER/Library/MobileSubstrate/DynamicLibraries/\" 2> /dev/null \\; \\)\n\necho \"[->] Cleaning (stage 1)...\"\nfind $PACKAGE_PROJECT_FOLDER -name \".DS_Store\" -exec rm -f {} \\;\n\necho \"[->] Updating control...\";\nsed -i '' \"s/PRODUCT_VERSION/${PRODUCT_VERSION}/g\" \"$PACKAGE_TEMP_FOLDER/DEBIAN/control\";\n\necho \"[->] Counting size...\";\nFOLDER_SIZE=$(du -sk $PACKAGE_TEMP_FOLDER);\nINSTALLED_SIZE=$(echo $FOLDER_SIZE | tr -dc '0-9' );\nsed -i '' \"s/PACKAGE_SIZE/${INSTALLED_SIZE}/g\" \"$PACKAGE_TEMP_FOLDER/DEBIAN/control\";\n\n\necho \"[->] Packaging...\";\nDEBS_FOLDER=\"${PROJECT_DIR}/debs\";\nif [ ! -d $DEBS_FOLDER ]; then\nmkdir $DEBS_FOLDER\nfi\n\ndpkg-deb -b $PACKAGE_TEMP_FOLDER \"$DEBS_FOLDER/${PRODUCT_BUNDLE_IDENTIFIER}_${PRODUCT_VERSION}_${PLATFORM_NAME}-arm.deb\" 2> /dev/null;\n\necho \"[->] Cleaning (stage 2)...\";\nrm -rf $PACKAGE_TEMP_FOLDER;\n";
		};
/* End PBXShellScriptBuildPhase section */

/* Begin PBXSourcesBuildPhase section */
		0BED86842959F0180052F9AD /* Sources */ = {
			isa = PBXSourcesBuildPhase;
			buildActionMask = 2147483647;
			files = (
				0BED86902959F0180052F9AD /* hackbar.m in Sources */,
			);
			runOnlyForDeploymentPostprocessing = 0;
		};
/* End PBXSourcesBuildPhase section */

/* Begin XCBuildConfiguration section */
		0BED86982959F0180052F9AD /* Debug */ = {
			isa = XCBuildConfiguration;
			buildSettings = {
				ALWAYS_SEARCH_USER_PATHS = NO;
				CLANG_ANALYZER_NONNULL = YES;
				CLANG_ANALYZER_NUMBER_OBJECT_CONVERSION = YES_AGGRESSIVE;
				CLANG_CXX_LANGUAGE_STANDARD = "gnu++20";
				CLANG_ENABLE_MODULES = 1;
				CLANG_ENABLE_OBJC_ARC = YES;
				CLANG_ENABLE_OBJC_WEAK = YES;
				CLANG_WARN_BLOCK_CAPTURE_AUTORELEASING = YES;
				CLANG_WARN_BOOL_CONVERSION = YES;
				CLANG_WARN_COMMA = YES;
				CLANG_WARN_CONSTANT_CONVERSION = YES;
				CLANG_WARN_DEPRECATED_OBJC_IMPLEMENTATIONS = YES;
				CLANG_WARN_DIRECT_OBJC_ISA_USAGE = YES_ERROR;
				CLANG_WARN_DOCUMENTATION_COMMENTS = YES;
				CLANG_WARN_EMPTY_BODY = YES;
				CLANG_WARN_ENUM_CONVERSION = YES;
				CLANG_WARN_INFINITE_RECURSION = YES;
				CLANG_WARN_INT_CONVERSION = YES;
				CLANG_WARN_NON_LITERAL_NULL_CONVERSION = YES;
				CLANG_WARN_OBJC_IMPLICIT_RETAIN_SELF = YES;
				CLANG_WARN_OBJC_LITERAL_CONVERSION = YES;
				CLANG_WARN_OBJC_ROOT_CLASS = YES_ERROR;
				CLANG_WARN_QUOTED_INCLUDE_IN_FRAMEWORK_HEADER = YES;
				CLANG_WARN_RANGE_LOOP_ANALYSIS = YES;
				CLANG_WARN_STRICT_PROTOTYPES = YES;
				CLANG_WARN_SUSPICIOUS_MOVE = YES;
				CLANG_WARN_UNGUARDED_AVAILABILITY = YES_AGGRESSIVE;
				CLANG_WARN_UNREACHABLE_CODE = YES;
				CLANG_WARN__DUPLICATE_METHOD_MATCH = YES;
				COPY_PHASE_STRIP = NO;
				DEBUG_INFORMATION_FORMAT = dwarf;
				ENABLE_STRICT_OBJC_MSGSEND = YES;
				ENABLE_TESTABILITY = YES;
				EXCLUDED_RECURSIVE_SEARCH_PATH_SUBDIRECTORIES = "*.nib *.lproj *.gch (*) .DS_Store CVS .svn .git .hg *.xcodeproj *.xcode *.pbproj *.pbxproj";
				GCC_C_LANGUAGE_STANDARD = gnu11;
				GCC_DYNAMIC_NO_PIC = NO;
				GCC_NO_COMMON_BLOCKS = YES;
				GCC_OPTIMIZATION_LEVEL = 0;
				GCC_PREPROCESSOR_DEFINITIONS = (
					"DEBUG=1",
					"$(inherited)",
				);
				GCC_WARN_64_TO_32_BIT_CONVERSION = YES;
				GCC_WARN_ABOUT_MISSING_PROTOTYPES = YES;
				GCC_WARN_ABOUT_RETURN_TYPE = YES;
				GCC_WARN_UNDECLARED_SELECTOR = YES;
				GCC_WARN_UNINITIALIZED_AUTOS = YES_AGGRESSIVE;
				GCC_WARN_UNUSED_FUNCTION = YES;
				GCC_WARN_UNUSED_VARIABLE = YES;
				IPHONEOS_DEPLOYMENT_TARGET = 16.2;
				MTL_ENABLE_DEBUG_INFO = INCLUDE_SOURCE;
				MTL_FAST_MATH = YES;
				ONLY_ACTIVE_ARCH = YES;
				SDKROOT = iphoneos;
				TARGETED_DEVICE_FAMILY = "1,2";
			};
			name = Debug;
		};
		0BED86992959F0180052F9AD /* Release */ = {
			isa = XCBuildConfiguration;
			buildSettings = {
				ALWAYS_SEARCH_USER_PATHS = NO;
				CLANG_ANALYZER_NONNULL = YES;
				CLANG_ANALYZER_NUMBER_OBJECT_CONVERSION = YES_AGGRESSIVE;
				CLANG_CXX_LANGUAGE_STANDARD = "gnu++20";
				CLANG_ENABLE_MODULES = 1;
				CLANG_ENABLE_OBJC_ARC = YES;
				CLANG_ENABLE_OBJC_WEAK = YES;
				CLANG_WARN_BLOCK_CAPTURE_AUTORELEASING = YES;
				CLANG_WARN_BOOL_CONVERSION = YES;
				CLANG_WARN_COMMA = YES;
				CLANG_WARN_CONSTANT_CONVERSION = YES;
				CLANG_WARN_DEPRECATED_OBJC_IMPLEMENTATIONS = YES;
				CLANG_WARN_DIRECT_OBJC_ISA_USAGE = YES_ERROR;
				CLANG_WARN_DOCUMENTATION_COMMENTS = YES;
				CLANG_WARN_EMPTY_BODY = YES;
				CLANG_WARN_ENUM_CONVERSION = YES;
				CLANG_WARN_INFINITE_RECURSION = YES;
				CLANG_WARN_INT_CONVERSION = YES;
				CLANG_WARN_NON_LITERAL_NULL_CONVERSION = YES;
				CLANG_WARN_OBJC_IMPLICIT_RETAIN_SELF = YES;
				CLANG_WARN_OBJC_LITERAL_CONVERSION = YES;
				CLANG_WARN_OBJC_ROOT_CLASS = YES_ERROR;
				CLANG_WARN_QUOTED_INCLUDE_IN_FRAMEWORK_HEADER = YES;
				CLANG_WARN_RANGE_LOOP_ANALYSIS = YES;
				CLANG_WARN_STRICT_PROTOTYPES = YES;
				CLANG_WARN_SUSPICIOUS_MOVE = YES;
				CLANG_WARN_UNGUARDED_AVAILABILITY = YES_AGGRESSIVE;
				CLANG_WARN_UNREACHABLE_CODE = YES;
				CLANG_WARN__DUPLICATE_METHOD_MATCH = YES;
				COPY_PHASE_STRIP = NO;
				DEBUG_INFORMATION_FORMAT = "dwarf-with-dsym";
				ENABLE_NS_ASSERTIONS = NO;
				ENABLE_STRICT_OBJC_MSGSEND = YES;
				EXCLUDED_RECURSIVE_SEARCH_PATH_SUBDIRECTORIES = "*.nib *.lproj *.gch (*) .DS_Store CVS .svn .git .hg *.xcodeproj *.xcode *.pbproj *.pbxproj";
				GCC_C_LANGUAGE_STANDARD = gnu11;
				GCC_NO_COMMON_BLOCKS = YES;
				GCC_WARN_64_TO_32_BIT_CONVERSION = YES;
				GCC_WARN_ABOUT_MISSING_PROTOTYPES = YES;
				GCC_WARN_ABOUT_RETURN_TYPE = YES;
				GCC_WARN_UNDECLARED_SELECTOR = YES;
				GCC_WARN_UNINITIALIZED_AUTOS = YES_AGGRESSIVE;
				GCC_WARN_UNUSED_FUNCTION = YES;
				GCC_WARN_UNUSED_VARIABLE = YES;
				IPHONEOS_DEPLOYMENT_TARGET = 16.2;
				MTL_ENABLE_DEBUG_INFO = NO;
				MTL_FAST_MATH = YES;
				SDKROOT = iphoneos;
				TARGETED_DEVICE_FAMILY = "1,2";
				VALIDATE_PRODUCT = YES;
			};
			name = Release;
		};
		0BED869B2959F0180052F9AD /* Debug */ = {
			isa = XCBuildConfiguration;
			buildSettings = {
				CLANG_WARN_STRICT_PROTOTYPES = NO;
				CODE_SIGN_STYLE = Automatic;
				DEVELOPMENT_TEAM = 7GC87R7BGG;
				GCC_WARN_UNDECLARED_SELECTOR = 0;
				INSTALL_PATH = /Library/MobileSubstrate/DynamicLibraries;
				PRODUCT_BUNDLE_IDENTIFIER = com.yourcompany.hackbar;
				PRODUCT_NAME = "$(TARGET_NAME)";
				PRODUCT_VERSION = 0.0.1;
				SUPPORTED_PLATFORMS = iphoneos;
				TARGETED_DEVICE_FAMILY = "1,2";
			};
			name = Debug;
		};
		0BED869C2959F0180052F9AD /* Release */ = {
			isa = XCBuildConfiguration;
			buildSettings = {
				CLANG_WARN_STRICT_PROTOTYPES = NO;
				CODE_SIGN_STYLE = Automatic;
				DEVELOPMENT_TEAM = 7GC87R7BGG;
				GCC_WARN_UNDECLARED_SELECTOR = 0;
				INSTALL_PATH = /Library/MobileSubstrate/DynamicLibraries;
				PRODUCT_BUNDLE_IDENTIFIER = com.yourcompany.hackbar;
				PRODUCT_NAME = "$(TARGET_NAME)";
				PRODUCT_VERSION = 0.0.1;
				SUPPORTED_PLATFORMS = iphoneos;
				TARGETED_DEVICE_FAMILY = "1,2";
			};
			name = Release;
		};
/* End XCBuildConfiguration section */

/* Begin XCConfigurationList section */
		0BED86832959F0180052F9AD /* Build configuration list for PBXProject "hackbar" */ = {
			isa = XCConfigurationList;
			buildConfigurations = (
				0BED86982959F0180052F9AD /* Debug */,
				0BED86992959F0180052F9AD /* Release */,
			);
			defaultConfigurationIsVisible = 0;
			defaultConfigurationName = Release;
		};
		0BED869A2959F0180052F9AD /* Build configuration list for PBXNativeTarget "hackbar" */ = {
			isa = XCConfigurationList;
			buildConfigurations = (
				0BED869B2959F0180052F9AD /* Debug */,
				0BED869C2959F0180052F9AD /* Release */,
			);
			defaultConfigurationIsVisible = 0;
			defaultConfigurationName = Release;
		};
/* End XCConfigurationList section */
	};
	rootObject = 0BED86802959F0180052F9AD /* Project object */;
}
